
Microsoft Visual Studio Solution File, Format Version 12.00
# Visual Studio Version 17
VisualStudioVersion = 17.5.33516.290
MinimumVisualStudioVersion = 10.0.40219.1
Project("{FAE04EC0-301F-11D3-BF4B-00C04F79EFBC}") = "GetMeThere.API", "GetMeThere.API.csproj", "{58FF91DD-4E7B-4EEF-9B43-DC7BA5E32BD3}"
EndProject
Global
	GlobalSection(SolutionConfigurationPlatforms) = preSolution
		Debug|Any CPU = Debug|Any CPU
		Release|Any CPU = Release|Any CPU
	EndGlobalSection
	GlobalSection(ProjectConfigurationPlatforms) = postSolution
		{58FF91DD-4E7B-4EEF-9B43-DC7BA5E32BD3}.Debug|Any CPU.ActiveCfg = Debug|Any CPU
		{58FF91DD-4E7B-4EEF-9B43-DC7BA5E32BD3}.Debug|Any CPU.Build.0 = Debug|Any CPU
		{58FF91DD-4E7B-4EEF-9B43-DC7BA5E32BD3}.Release|Any CPU.ActiveCfg = Release|Any CPU
		{58FF91DD-4E7B-4EEF-9B43-DC7BA5E32BD3}.Release|Any CPU.Build.0 = Release|Any CPU
	EndGlobalSection
	GlobalSection(SolutionProperties) = preSolution
		HideSolutionNode = FALSE
	EndGlobalSection
	GlobalSection(ExtensibilityGlobals) = postSolution
		SolutionGuid = {EE3CC63F-7B06-47DA-8975-880D8FB646DD}
	EndGlobalSection
EndGlobal
